
Microsoft Visual Studio Solution File, Format Version 12.00
# Visual Studio Version 17
VisualStudioVersion = 17.2.32616.157
MinimumVisualStudioVersion = 10.0.40219.1
Project("{FAE04EC0-301F-11D3-BF4B-00C04F79EFBC}") = "CmpString", "CmpString\CmpString.csproj", "{4513DA61-EA06-4D68-A26C-2382071402A5}"
EndProject
Global
	GlobalSection(SolutionConfigurationPlatforms) = preSolution
		Debug|Any CPU = Debug|Any CPU
		Release|Any CPU = Release|Any CPU
	EndGlobalSection
	GlobalSection(ProjectConfigurationPlatforms) = postSolution
		{4513DA61-EA06-4D68-A26C-2382071402A5}.Debug|Any CPU.ActiveCfg = Debug|Any CPU
		{4513DA61-EA06-4D68-A26C-2382071402A5}.Debug|Any CPU.Build.0 = Debug|Any CPU
		{4513DA61-EA06-4D68-A26C-2382071402A5}.Release|Any CPU.ActiveCfg = Release|Any CPU
		{4513DA61-EA06-4D68-A26C-2382071402A5}.Release|Any CPU.Build.0 = Release|Any CPU
	EndGlobalSection
	GlobalSection(SolutionProperties) = preSolution
		HideSolutionNode = FALSE
	EndGlobalSection
	GlobalSection(ExtensibilityGlobals) = postSolution
		SolutionGuid = {70DD1B5D-4152-41B1-9450-393DAA0679E8}
	EndGlobalSection
EndGlobal
